// !$*UTF8*$!
{
	archiveVersion = 1;
	classes = {
	};
	objectVersion = 50;
	objects = {

/* Begin PBXBuildFile section */
		0E2A062C2258D2C600408A4A /* LoginStoryboard.storyboard in Resources */ = {isa = PBXBuildFile; fileRef = 0E2A062B2258D2C600408A4A /* LoginStoryboard.storyboard */; };
		0E2A062E2258D2F400408A4A /* CarouselStoryboard.storyboard in Resources */ = {isa = PBXBuildFile; fileRef = 0E2A062D2258D2F400408A4A /* CarouselStoryboard.storyboard */; };
		0E2A06302258D31400408A4A /* ProfileStoryboard.storyboard in Resources */ = {isa = PBXBuildFile; fileRef = 0E2A062F2258D31400408A4A /* ProfileStoryboard.storyboard */; };
		0E2A064122590AD900408A4A /* RoundShadowView.swift in Sources */ = {isa = PBXBuildFile; fileRef = 0E2A064022590AD900408A4A /* RoundShadowView.swift */; };
		0E2A064422590AE200408A4A /* CardModel.swift in Sources */ = {isa = PBXBuildFile; fileRef = 0E2A064222590AE200408A4A /* CardModel.swift */; };
		0E2A064522590AE200408A4A /* ProfileModel.swift in Sources */ = {isa = PBXBuildFile; fileRef = 0E2A064322590AE200408A4A /* ProfileModel.swift */; };
		0E2A064A22590AEE00408A4A /* DetailsController.swift in Sources */ = {isa = PBXBuildFile; fileRef = 0E2A064622590AEE00408A4A /* DetailsController.swift */; };
		0E2A064B22590AEE00408A4A /* CarouselController.swift in Sources */ = {isa = PBXBuildFile; fileRef = 0E2A064722590AEE00408A4A /* CarouselController.swift */; };
		0E2A064C22590AEE00408A4A /* MainProgramController.swift in Sources */ = {isa = PBXBuildFile; fileRef = 0E2A064822590AEE00408A4A /* MainProgramController.swift */; };
		0E2A064D22590AEE00408A4A /* CarouselCell.swift in Sources */ = {isa = PBXBuildFile; fileRef = 0E2A064922590AEE00408A4A /* CarouselCell.swift */; };
		0E2A06552259221300408A4A /* CardsDataService.swift in Sources */ = {isa = PBXBuildFile; fileRef = 0E2A06542259221300408A4A /* CardsDataService.swift */; };
		844DA08FB2CBD531C63D6623 /* Pods_StartPlast.framework in Frameworks */ = {isa = PBXBuildFile; fileRef = 1E7F2138421E0E07D60FC06D /* Pods_StartPlast.framework */; };
		B7B58C382258B2D900D56198 /* AppDelegate.swift in Sources */ = {isa = PBXBuildFile; fileRef = B7B58C372258B2D900D56198 /* AppDelegate.swift */; };
		B7B58C3A2258B2D900D56198 /* ViewController.swift in Sources */ = {isa = PBXBuildFile; fileRef = B7B58C392258B2D900D56198 /* ViewController.swift */; };
		B7B58C3D2258B2D900D56198 /* Main.storyboard in Resources */ = {isa = PBXBuildFile; fileRef = B7B58C3B2258B2D900D56198 /* Main.storyboard */; };
		B7B58C3F2258B2DB00D56198 /* Assets.xcassets in Resources */ = {isa = PBXBuildFile; fileRef = B7B58C3E2258B2DB00D56198 /* Assets.xcassets */; };
		B7B58C422258B2DB00D56198 /* LaunchScreen.storyboard in Resources */ = {isa = PBXBuildFile; fileRef = B7B58C402258B2DB00D56198 /* LaunchScreen.storyboard */; };
		B7B58C4D2258B2DB00D56198 /* StartPlastTests.swift in Sources */ = {isa = PBXBuildFile; fileRef = B7B58C4C2258B2DB00D56198 /* StartPlastTests.swift */; };
		B7B58C582258B2DB00D56198 /* StartPlastUITests.swift in Sources */ = {isa = PBXBuildFile; fileRef = B7B58C572258B2DB00D56198 /* StartPlastUITests.swift */; };
		BB1C9D8E2258DFB6009E597C /* GoogleService-Info.plist in Resources */ = {isa = PBXBuildFile; fileRef = BB1C9D8D2258DFB6009E597C /* GoogleService-Info.plist */; };
		BB1C9D912258E0C4009E597C /* LoginViewController.swift in Sources */ = {isa = PBXBuildFile; fileRef = BB1C9D902258E0C4009E597C /* LoginViewController.swift */; };
/* End PBXBuildFile section */

/* Begin PBXContainerItemProxy section */
		B7B58C492258B2DB00D56198 /* PBXContainerItemProxy */ = {
			isa = PBXContainerItemProxy;
			containerPortal = B7B58C2C2258B2D900D56198 /* Project object */;
			proxyType = 1;
			remoteGlobalIDString = B7B58C332258B2D900D56198;
			remoteInfo = StartPlast;
		};
		B7B58C542258B2DB00D56198 /* PBXContainerItemProxy */ = {
			isa = PBXContainerItemProxy;
			containerPortal = B7B58C2C2258B2D900D56198 /* Project object */;
			proxyType = 1;
			remoteGlobalIDString = B7B58C332258B2D900D56198;
			remoteInfo = StartPlast;
		};
/* End PBXContainerItemProxy section */

/* Begin PBXFileReference section */
		0E2A062B2258D2C600408A4A /* LoginStoryboard.storyboard */ = {isa = PBXFileReference; lastKnownFileType = file.storyboard; path = LoginStoryboard.storyboard; sourceTree = "<group>"; };
		0E2A062D2258D2F400408A4A /* CarouselStoryboard.storyboard */ = {isa = PBXFileReference; lastKnownFileType = file.storyboard; path = CarouselStoryboard.storyboard; sourceTree = "<group>"; };
		0E2A062F2258D31400408A4A /* ProfileStoryboard.storyboard */ = {isa = PBXFileReference; lastKnownFileType = file.storyboard; path = ProfileStoryboard.storyboard; sourceTree = "<group>"; };
		0E2A064022590AD900408A4A /* RoundShadowView.swift */ = {isa = PBXFileReference; fileEncoding = 4; lastKnownFileType = sourcecode.swift; path = RoundShadowView.swift; sourceTree = "<group>"; };
		0E2A064222590AE200408A4A /* CardModel.swift */ = {isa = PBXFileReference; fileEncoding = 4; lastKnownFileType = sourcecode.swift; path = CardModel.swift; sourceTree = "<group>"; };
		0E2A064322590AE200408A4A /* ProfileModel.swift */ = {isa = PBXFileReference; fileEncoding = 4; lastKnownFileType = sourcecode.swift; path = ProfileModel.swift; sourceTree = "<group>"; };
		0E2A064622590AEE00408A4A /* DetailsController.swift */ = {isa = PBXFileReference; fileEncoding = 4; lastKnownFileType = sourcecode.swift; path = DetailsController.swift; sourceTree = "<group>"; };
		0E2A064722590AEE00408A4A /* CarouselController.swift */ = {isa = PBXFileReference; fileEncoding = 4; lastKnownFileType = sourcecode.swift; path = CarouselController.swift; sourceTree = "<group>"; };
		0E2A064822590AEE00408A4A /* MainProgramController.swift */ = {isa = PBXFileReference; fileEncoding = 4; lastKnownFileType = sourcecode.swift; path = MainProgramController.swift; sourceTree = "<group>"; };
		0E2A064922590AEE00408A4A /* CarouselCell.swift */ = {isa = PBXFileReference; fileEncoding = 4; lastKnownFileType = sourcecode.swift; name = CarouselCell.swift; path = ../CarouselCell.swift; sourceTree = "<group>"; };
		0E2A06542259221300408A4A /* CardsDataService.swift */ = {isa = PBXFileReference; lastKnownFileType = sourcecode.swift; path = CardsDataService.swift; sourceTree = "<group>"; };
		1E7F2138421E0E07D60FC06D /* Pods_StartPlast.framework */ = {isa = PBXFileReference; explicitFileType = wrapper.framework; includeInIndex = 0; path = Pods_StartPlast.framework; sourceTree = BUILT_PRODUCTS_DIR; };
		52C9A0E70D0EC8E42F457055 /* Pods-StartPlast.release.xcconfig */ = {isa = PBXFileReference; includeInIndex = 1; lastKnownFileType = text.xcconfig; name = "Pods-StartPlast.release.xcconfig"; path = "Pods/Target Support Files/Pods-StartPlast/Pods-StartPlast.release.xcconfig"; sourceTree = "<group>"; };
		5D1C919D6D92DCAED038A180 /* Pods_StartPlastUITests.framework */ = {isa = PBXFileReference; explicitFileType = wrapper.framework; includeInIndex = 0; path = Pods_StartPlastUITests.framework; sourceTree = BUILT_PRODUCTS_DIR; };
		7D05270149CD0933EC7CE6DC /* Pods_StartPlastTests.framework */ = {isa = PBXFileReference; explicitFileType = wrapper.framework; includeInIndex = 0; path = Pods_StartPlastTests.framework; sourceTree = BUILT_PRODUCTS_DIR; };
		B7B58C342258B2D900D56198 /* StartPlast.app */ = {isa = PBXFileReference; explicitFileType = wrapper.application; includeInIndex = 0; path = StartPlast.app; sourceTree = BUILT_PRODUCTS_DIR; };
		B7B58C372258B2D900D56198 /* AppDelegate.swift */ = {isa = PBXFileReference; lastKnownFileType = sourcecode.swift; path = AppDelegate.swift; sourceTree = "<group>"; };
		B7B58C392258B2D900D56198 /* ViewController.swift */ = {isa = PBXFileReference; lastKnownFileType = sourcecode.swift; path = ViewController.swift; sourceTree = "<group>"; };
		B7B58C3C2258B2D900D56198 /* Base */ = {isa = PBXFileReference; lastKnownFileType = file.storyboard; name = Base; path = Base.lproj/Main.storyboard; sourceTree = "<group>"; };
		B7B58C3E2258B2DB00D56198 /* Assets.xcassets */ = {isa = PBXFileReference; lastKnownFileType = folder.assetcatalog; path = Assets.xcassets; sourceTree = "<group>"; };
		B7B58C412258B2DB00D56198 /* Base */ = {isa = PBXFileReference; lastKnownFileType = file.storyboard; name = Base; path = Base.lproj/LaunchScreen.storyboard; sourceTree = "<group>"; };
		B7B58C432258B2DB00D56198 /* Info.plist */ = {isa = PBXFileReference; lastKnownFileType = text.plist.xml; path = Info.plist; sourceTree = "<group>"; };
		B7B58C482258B2DB00D56198 /* StartPlastTests.xctest */ = {isa = PBXFileReference; explicitFileType = wrapper.cfbundle; includeInIndex = 0; path = StartPlastTests.xctest; sourceTree = BUILT_PRODUCTS_DIR; };
		B7B58C4C2258B2DB00D56198 /* StartPlastTests.swift */ = {isa = PBXFileReference; lastKnownFileType = sourcecode.swift; path = StartPlastTests.swift; sourceTree = "<group>"; };
		B7B58C4E2258B2DB00D56198 /* Info.plist */ = {isa = PBXFileReference; lastKnownFileType = text.plist.xml; path = Info.plist; sourceTree = "<group>"; };
		B7B58C532258B2DB00D56198 /* StartPlastUITests.xctest */ = {isa = PBXFileReference; explicitFileType = wrapper.cfbundle; includeInIndex = 0; path = StartPlastUITests.xctest; sourceTree = BUILT_PRODUCTS_DIR; };
		B7B58C572258B2DB00D56198 /* StartPlastUITests.swift */ = {isa = PBXFileReference; lastKnownFileType = sourcecode.swift; path = StartPlastUITests.swift; sourceTree = "<group>"; };
		B7B58C592258B2DB00D56198 /* Info.plist */ = {isa = PBXFileReference; lastKnownFileType = text.plist.xml; path = Info.plist; sourceTree = "<group>"; };
		B95E8CB68B880C1E8797C1DA /* Pods-StartPlast.debug.xcconfig */ = {isa = PBXFileReference; includeInIndex = 1; lastKnownFileType = text.xcconfig; name = "Pods-StartPlast.debug.xcconfig"; path = "Pods/Target Support Files/Pods-StartPlast/Pods-StartPlast.debug.xcconfig"; sourceTree = "<group>"; };
		BB1C9D8D2258DFB6009E597C /* GoogleService-Info.plist */ = {isa = PBXFileReference; fileEncoding = 4; lastKnownFileType = text.plist.xml; path = "GoogleService-Info.plist"; sourceTree = "<group>"; };
		BB1C9D902258E0C4009E597C /* LoginViewController.swift */ = {isa = PBXFileReference; lastKnownFileType = sourcecode.swift; path = LoginViewController.swift; sourceTree = "<group>"; };
/* End PBXFileReference section */

/* Begin PBXFrameworksBuildPhase section */
		B7B58C312258B2D900D56198 /* Frameworks */ = {
			isa = PBXFrameworksBuildPhase;
			buildActionMask = 2147483647;
			files = (
				844DA08FB2CBD531C63D6623 /* Pods_StartPlast.framework in Frameworks */,
			);
			runOnlyForDeploymentPostprocessing = 0;
		};
		B7B58C452258B2DB00D56198 /* Frameworks */ = {
			isa = PBXFrameworksBuildPhase;
			buildActionMask = 2147483647;
			files = (
			);
			runOnlyForDeploymentPostprocessing = 0;
		};
		B7B58C502258B2DB00D56198 /* Frameworks */ = {
			isa = PBXFrameworksBuildPhase;
			buildActionMask = 2147483647;
			files = (
			);
			runOnlyForDeploymentPostprocessing = 0;
		};
/* End PBXFrameworksBuildPhase section */

/* Begin PBXGroup section */
		0E2A06262258CE0B00408A4A /* Storyboards */ = {
			isa = PBXGroup;
			children = (
				0E2A062D2258D2F400408A4A /* CarouselStoryboard.storyboard */,
				0E2A062F2258D31400408A4A /* ProfileStoryboard.storyboard */,
				0E2A062B2258D2C600408A4A /* LoginStoryboard.storyboard */,
				B7B58C402258B2DB00D56198 /* LaunchScreen.storyboard */,
				B7B58C3B2258B2D900D56198 /* Main.storyboard */,
			);
			path = Storyboards;
			sourceTree = "<group>";
		};
		0E2A06272258CEB400408A4A /* ViewControllers */ = {
			isa = PBXGroup;
			children = (
				0E2A064E22590AF900408A4A /* Carousel Scene */,
				BB1C9D8F2258DFD2009E597C /* LoginViewController */,
			);
			path = ViewControllers;
			sourceTree = "<group>";
		};
		0E2A06282258CEBE00408A4A /* Models */ = {
			isa = PBXGroup;
			children = (
				0E2A064222590AE200408A4A /* CardModel.swift */,
				0E2A064322590AE200408A4A /* ProfileModel.swift */,
			);
			path = Models;
			sourceTree = "<group>";
		};
		0E2A06292258CEC600408A4A /* Services */ = {
			isa = PBXGroup;
			children = (
				0E2A06542259221300408A4A /* CardsDataService.swift */,
			);
			path = Services;
			sourceTree = "<group>";
		};
		0E2A062A2258CED800408A4A /* Common */ = {
			isa = PBXGroup;
			children = (
				0E2A064022590AD900408A4A /* RoundShadowView.swift */,
			);
			path = Common;
			sourceTree = "<group>";
		};
		0E2A064E22590AF900408A4A /* Carousel Scene */ = {
			isa = PBXGroup;
			children = (
				0E2A064822590AEE00408A4A /* MainProgramController.swift */,
				0E2A064722590AEE00408A4A /* CarouselController.swift */,
				0E2A064622590AEE00408A4A /* DetailsController.swift */,
				0E2A064922590AEE00408A4A /* CarouselCell.swift */,
			);
			path = "Carousel Scene";
			sourceTree = "<group>";
		};
		15A5BFE38BB5873B80151685 /* Frameworks */ = {
			isa = PBXGroup;
			children = (
				1E7F2138421E0E07D60FC06D /* Pods_StartPlast.framework */,
				7D05270149CD0933EC7CE6DC /* Pods_StartPlastTests.framework */,
				5D1C919D6D92DCAED038A180 /* Pods_StartPlastUITests.framework */,
			);
			name = Frameworks;
			sourceTree = "<group>";
		};
		B7B58C2B2258B2D900D56198 = {
			isa = PBXGroup;
			children = (
				B7B58C362258B2D900D56198 /* StartPlast */,
				B7B58C4B2258B2DB00D56198 /* StartPlastTests */,
				B7B58C562258B2DB00D56198 /* StartPlastUITests */,
				B7B58C352258B2D900D56198 /* Products */,
				DF0CE663D1BEE57108C8B862 /* Pods */,
				15A5BFE38BB5873B80151685 /* Frameworks */,
			);
			sourceTree = "<group>";
		};
		B7B58C352258B2D900D56198 /* Products */ = {
			isa = PBXGroup;
			children = (
				B7B58C342258B2D900D56198 /* StartPlast.app */,
				B7B58C482258B2DB00D56198 /* StartPlastTests.xctest */,
				B7B58C532258B2DB00D56198 /* StartPlastUITests.xctest */,
			);
			name = Products;
			sourceTree = "<group>";
		};
		B7B58C362258B2D900D56198 /* StartPlast */ = {
			isa = PBXGroup;
			children = (
				0E2A062A2258CED800408A4A /* Common */,
				0E2A06292258CEC600408A4A /* Services */,
				0E2A06282258CEBE00408A4A /* Models */,
				0E2A06272258CEB400408A4A /* ViewControllers */,
				0E2A06262258CE0B00408A4A /* Storyboards */,
				B7B58C652258C22200D56198 /* Supporting Files */,
				B7B58C392258B2D900D56198 /* ViewController.swift */,
			);
			path = StartPlast;
			sourceTree = "<group>";
		};
		B7B58C4B2258B2DB00D56198 /* StartPlastTests */ = {
			isa = PBXGroup;
			children = (
				B7B58C4C2258B2DB00D56198 /* StartPlastTests.swift */,
				B7B58C4E2258B2DB00D56198 /* Info.plist */,
			);
			path = StartPlastTests;
			sourceTree = "<group>";
		};
		B7B58C562258B2DB00D56198 /* StartPlastUITests */ = {
			isa = PBXGroup;
			children = (
				B7B58C572258B2DB00D56198 /* StartPlastUITests.swift */,
				B7B58C592258B2DB00D56198 /* Info.plist */,
			);
			path = StartPlastUITests;
			sourceTree = "<group>";
		};
		B7B58C652258C22200D56198 /* Supporting Files */ = {
			isa = PBXGroup;
			children = (
				B7B58C372258B2D900D56198 /* AppDelegate.swift */,
				B7B58C3E2258B2DB00D56198 /* Assets.xcassets */,
				BB1C9D8D2258DFB6009E597C /* GoogleService-Info.plist */,
				B7B58C432258B2DB00D56198 /* Info.plist */,
			);
			path = "Supporting Files";
			sourceTree = "<group>";
		};
		BB1C9D8F2258DFD2009E597C /* LoginViewController */ = {
			isa = PBXGroup;
			children = (
				BB1C9D902258E0C4009E597C /* LoginViewController.swift */,
			);
			path = LoginViewController;
			sourceTree = "<group>";
		};
		DF0CE663D1BEE57108C8B862 /* Pods */ = {
			isa = PBXGroup;
			children = (
				B95E8CB68B880C1E8797C1DA /* Pods-StartPlast.debug.xcconfig */,
				52C9A0E70D0EC8E42F457055 /* Pods-StartPlast.release.xcconfig */,
			);
			name = Pods;
			sourceTree = "<group>";
		};
/* End PBXGroup section */

/* Begin PBXNativeTarget section */
		B7B58C332258B2D900D56198 /* StartPlast */ = {
			isa = PBXNativeTarget;
			buildConfigurationList = B7B58C5C2258B2DB00D56198 /* Build configuration list for PBXNativeTarget "StartPlast" */;
			buildPhases = (
				90ACD1DC023ED0817CCEFABA /* [CP] Check Pods Manifest.lock */,
				B7B58C302258B2D900D56198 /* Sources */,
				B7B58C312258B2D900D56198 /* Frameworks */,
				B7B58C322258B2D900D56198 /* Resources */,
				3BCAFFFD4C479D150E343EEC /* [CP] Embed Pods Frameworks */,
				62CC2879D7A9FDAB5BBB7DC7 /* [CP] Copy Pods Resources */,
			);
			buildRules = (
			);
			dependencies = (
			);
			name = StartPlast;
			productName = StartPlast;
			productReference = B7B58C342258B2D900D56198 /* StartPlast.app */;
			productType = "com.apple.product-type.application";
		};
		B7B58C472258B2DB00D56198 /* StartPlastTests */ = {
			isa = PBXNativeTarget;
			buildConfigurationList = B7B58C5F2258B2DB00D56198 /* Build configuration list for PBXNativeTarget "StartPlastTests" */;
			buildPhases = (
				B7B58C442258B2DB00D56198 /* Sources */,
				B7B58C452258B2DB00D56198 /* Frameworks */,
				B7B58C462258B2DB00D56198 /* Resources */,
			);
			buildRules = (
			);
			dependencies = (
				B7B58C4A2258B2DB00D56198 /* PBXTargetDependency */,
			);
			name = StartPlastTests;
			productName = StartPlastTests;
			productReference = B7B58C482258B2DB00D56198 /* StartPlastTests.xctest */;
			productType = "com.apple.product-type.bundle.unit-test";
		};
		B7B58C522258B2DB00D56198 /* StartPlastUITests */ = {
			isa = PBXNativeTarget;
			buildConfigurationList = B7B58C622258B2DB00D56198 /* Build configuration list for PBXNativeTarget "StartPlastUITests" */;
			buildPhases = (
				B7B58C4F2258B2DB00D56198 /* Sources */,
				B7B58C502258B2DB00D56198 /* Frameworks */,
				B7B58C512258B2DB00D56198 /* Resources */,
			);
			buildRules = (
			);
			dependencies = (
				B7B58C552258B2DB00D56198 /* PBXTargetDependency */,
			);
			name = StartPlastUITests;
			productName = StartPlastUITests;
			productReference = B7B58C532258B2DB00D56198 /* StartPlastUITests.xctest */;
			productType = "com.apple.product-type.bundle.ui-testing";
		};
/* End PBXNativeTarget section */

/* Begin PBXProject section */
		B7B58C2C2258B2D900D56198 /* Project object */ = {
			isa = PBXProject;
			attributes = {
				LastSwiftUpdateCheck = 0940;
				LastUpgradeCheck = 0940;
				ORGANIZATIONNAME = Plast;
				TargetAttributes = {
					B7B58C332258B2D900D56198 = {
						CreatedOnToolsVersion = 9.4;
					};
					B7B58C472258B2DB00D56198 = {
						CreatedOnToolsVersion = 9.4;
						TestTargetID = B7B58C332258B2D900D56198;
					};
					B7B58C522258B2DB00D56198 = {
						CreatedOnToolsVersion = 9.4;
						TestTargetID = B7B58C332258B2D900D56198;
					};
				};
			};
			buildConfigurationList = B7B58C2F2258B2D900D56198 /* Build configuration list for PBXProject "StartPlast" */;
			compatibilityVersion = "Xcode 9.3";
			developmentRegion = en;
			hasScannedForEncodings = 0;
			knownRegions = (
				en,
				Base,
			);
			mainGroup = B7B58C2B2258B2D900D56198;
			productRefGroup = B7B58C352258B2D900D56198 /* Products */;
			projectDirPath = "";
			projectRoot = "";
			targets = (
				B7B58C332258B2D900D56198 /* StartPlast */,
				B7B58C472258B2DB00D56198 /* StartPlastTests */,
				B7B58C522258B2DB00D56198 /* StartPlastUITests */,
			);
		};
/* End PBXProject section */

/* Begin PBXResourcesBuildPhase section */
		B7B58C322258B2D900D56198 /* Resources */ = {
			isa = PBXResourcesBuildPhase;
			buildActionMask = 2147483647;
			files = (
				B7B58C422258B2DB00D56198 /* LaunchScreen.storyboard in Resources */,
				0E2A062E2258D2F400408A4A /* CarouselStoryboard.storyboard in Resources */,
				B7B58C3F2258B2DB00D56198 /* Assets.xcassets in Resources */,
				0E2A06302258D31400408A4A /* ProfileStoryboard.storyboard in Resources */,
				B7B58C3D2258B2D900D56198 /* Main.storyboard in Resources */,
				0E2A062C2258D2C600408A4A /* LoginStoryboard.storyboard in Resources */,
				BB1C9D8E2258DFB6009E597C /* GoogleService-Info.plist in Resources */,
			);
			runOnlyForDeploymentPostprocessing = 0;
		};
		B7B58C462258B2DB00D56198 /* Resources */ = {
			isa = PBXResourcesBuildPhase;
			buildActionMask = 2147483647;
			files = (
			);
			runOnlyForDeploymentPostprocessing = 0;
		};
		B7B58C512258B2DB00D56198 /* Resources */ = {
			isa = PBXResourcesBuildPhase;
			buildActionMask = 2147483647;
			files = (
			);
			runOnlyForDeploymentPostprocessing = 0;
		};
/* End PBXResourcesBuildPhase section */

/* Begin PBXShellScriptBuildPhase section */
		3BCAFFFD4C479D150E343EEC /* [CP] Embed Pods Frameworks */ = {
			isa = PBXShellScriptBuildPhase;
			buildActionMask = 2147483647;
			files = (
			);
			inputPaths = (
				"${SRCROOT}/Pods/Target Support Files/Pods-StartPlast/Pods-StartPlast-frameworks.sh",
				"${BUILT_PRODUCTS_DIR}/GTMSessionFetcher/GTMSessionFetcher.framework",
				"${BUILT_PRODUCTS_DIR}/GoogleToolboxForMac/GoogleToolboxForMac.framework",
				"${BUILT_PRODUCTS_DIR}/GoogleUtilities/GoogleUtilities.framework",
				"${BUILT_PRODUCTS_DIR}/Kingfisher/Kingfisher.framework",
				"${BUILT_PRODUCTS_DIR}/nanopb/nanopb.framework",
			);
			name = "[CP] Embed Pods Frameworks";
			outputPaths = (
				"${TARGET_BUILD_DIR}/${FRAMEWORKS_FOLDER_PATH}/GTMSessionFetcher.framework",
				"${TARGET_BUILD_DIR}/${FRAMEWORKS_FOLDER_PATH}/GoogleToolboxForMac.framework",
				"${TARGET_BUILD_DIR}/${FRAMEWORKS_FOLDER_PATH}/GoogleUtilities.framework",
				"${TARGET_BUILD_DIR}/${FRAMEWORKS_FOLDER_PATH}/Kingfisher.framework",
				"${TARGET_BUILD_DIR}/${FRAMEWORKS_FOLDER_PATH}/nanopb.framework",
			);
			runOnlyForDeploymentPostprocessing = 0;
			shellPath = /bin/sh;
			shellScript = "\"${SRCROOT}/Pods/Target Support Files/Pods-StartPlast/Pods-StartPlast-frameworks.sh\"\n";
			showEnvVarsInLog = 0;
		};
		62CC2879D7A9FDAB5BBB7DC7 /* [CP] Copy Pods Resources */ = {
			isa = PBXShellScriptBuildPhase;
			buildActionMask = 2147483647;
			files = (
			);
			inputPaths = (
				"${SRCROOT}/Pods/Target Support Files/Pods-StartPlast/Pods-StartPlast-resources.sh",
				"${PODS_ROOT}/GoogleSignIn/Resources/GoogleSignIn.bundle",
			);
			name = "[CP] Copy Pods Resources";
			outputPaths = (
				"${TARGET_BUILD_DIR}/${UNLOCALIZED_RESOURCES_FOLDER_PATH}/GoogleSignIn.bundle",
			);
			runOnlyForDeploymentPostprocessing = 0;
			shellPath = /bin/sh;
			shellScript = "\"${SRCROOT}/Pods/Target Support Files/Pods-StartPlast/Pods-StartPlast-resources.sh\"\n";
			showEnvVarsInLog = 0;
		};
		90ACD1DC023ED0817CCEFABA /* [CP] Check Pods Manifest.lock */ = {
			isa = PBXShellScriptBuildPhase;
			buildActionMask = 2147483647;
			files = (
			);
			inputPaths = (
				"${PODS_PODFILE_DIR_PATH}/Podfile.lock",
				"${PODS_ROOT}/Manifest.lock",
			);
			name = "[CP] Check Pods Manifest.lock";
			outputPaths = (
				"$(DERIVED_FILE_DIR)/Pods-StartPlast-checkManifestLockResult.txt",
			);
			runOnlyForDeploymentPostprocessing = 0;
			shellPath = /bin/sh;
			shellScript = "diff \"${PODS_PODFILE_DIR_PATH}/Podfile.lock\" \"${PODS_ROOT}/Manifest.lock\" > /dev/null\nif [ $? != 0 ] ; then\n    # print error to STDERR\n    echo \"error: The sandbox is not in sync with the Podfile.lock. Run 'pod install' or update your CocoaPods installation.\" >&2\n    exit 1\nfi\n# This output is used by Xcode 'outputs' to avoid re-running this script phase.\necho \"SUCCESS\" > \"${SCRIPT_OUTPUT_FILE_0}\"\n";
			showEnvVarsInLog = 0;
		};
/* End PBXShellScriptBuildPhase section */

/* Begin PBXSourcesBuildPhase section */
		B7B58C302258B2D900D56198 /* Sources */ = {
			isa = PBXSourcesBuildPhase;
			buildActionMask = 2147483647;
			files = (
				0E2A064A22590AEE00408A4A /* DetailsController.swift in Sources */,
				BB1C9D912258E0C4009E597C /* LoginViewController.swift in Sources */,
				0E2A064122590AD900408A4A /* RoundShadowView.swift in Sources */,
				B7B58C3A2258B2D900D56198 /* ViewController.swift in Sources */,
				0E2A064522590AE200408A4A /* ProfileModel.swift in Sources */,
				0E2A064B22590AEE00408A4A /* CarouselController.swift in Sources */,
				0E2A064C22590AEE00408A4A /* MainProgramController.swift in Sources */,
				B7B58C382258B2D900D56198 /* AppDelegate.swift in Sources */,
				0E2A064422590AE200408A4A /* CardModel.swift in Sources */,
				0E2A064D22590AEE00408A4A /* CarouselCell.swift in Sources */,
				0E2A06552259221300408A4A /* CardsDataService.swift in Sources */,
			);
			runOnlyForDeploymentPostprocessing = 0;
		};
		B7B58C442258B2DB00D56198 /* Sources */ = {
			isa = PBXSourcesBuildPhase;
			buildActionMask = 2147483647;
			files = (
				B7B58C4D2258B2DB00D56198 /* StartPlastTests.swift in Sources */,
			);
			runOnlyForDeploymentPostprocessing = 0;
		};
		B7B58C4F2258B2DB00D56198 /* Sources */ = {
			isa = PBXSourcesBuildPhase;
			buildActionMask = 2147483647;
			files = (
				B7B58C582258B2DB00D56198 /* StartPlastUITests.swift in Sources */,
			);
			runOnlyForDeploymentPostprocessing = 0;
		};
/* End PBXSourcesBuildPhase section */

/* Begin PBXTargetDependency section */
		B7B58C4A2258B2DB00D56198 /* PBXTargetDependency */ = {
			isa = PBXTargetDependency;
			target = B7B58C332258B2D900D56198 /* StartPlast */;
			targetProxy = B7B58C492258B2DB00D56198 /* PBXContainerItemProxy */;
		};
		B7B58C552258B2DB00D56198 /* PBXTargetDependency */ = {
			isa = PBXTargetDependency;
			target = B7B58C332258B2D900D56198 /* StartPlast */;
			targetProxy = B7B58C542258B2DB00D56198 /* PBXContainerItemProxy */;
		};
/* End PBXTargetDependency section */

/* Begin PBXVariantGroup section */
		B7B58C3B2258B2D900D56198 /* Main.storyboard */ = {
			isa = PBXVariantGroup;
			children = (
				B7B58C3C2258B2D900D56198 /* Base */,
			);
			name = Main.storyboard;
			sourceTree = "<group>";
		};
		B7B58C402258B2DB00D56198 /* LaunchScreen.storyboard */ = {
			isa = PBXVariantGroup;
			children = (
				B7B58C412258B2DB00D56198 /* Base */,
			);
			name = LaunchScreen.storyboard;
			sourceTree = "<group>";
		};
/* End PBXVariantGroup section */

/* Begin XCBuildConfiguration section */
		B7B58C5A2258B2DB00D56198 /* Debug */ = {
			isa = XCBuildConfiguration;
			buildSettings = {
				ALWAYS_SEARCH_USER_PATHS = NO;
				CLANG_ANALYZER_NONNULL = YES;
				CLANG_ANALYZER_NUMBER_OBJECT_CONVERSION = YES_AGGRESSIVE;
				CLANG_CXX_LANGUAGE_STANDARD = "gnu++14";
				CLANG_CXX_LIBRARY = "libc++";
				CLANG_ENABLE_MODULES = YES;
				CLANG_ENABLE_OBJC_ARC = YES;
				CLANG_ENABLE_OBJC_WEAK = YES;
				CLANG_WARN_BLOCK_CAPTURE_AUTORELEASING = YES;
				CLANG_WARN_BOOL_CONVERSION = YES;
				CLANG_WARN_COMMA = YES;
				CLANG_WARN_CONSTANT_CONVERSION = YES;
				CLANG_WARN_DEPRECATED_OBJC_IMPLEMENTATIONS = YES;
				CLANG_WARN_DIRECT_OBJC_ISA_USAGE = YES_ERROR;
				CLANG_WARN_DOCUMENTATION_COMMENTS = YES;
				CLANG_WARN_EMPTY_BODY = YES;
				CLANG_WARN_ENUM_CONVERSION = YES;
				CLANG_WARN_INFINITE_RECURSION = YES;
				CLANG_WARN_INT_CONVERSION = YES;
				CLANG_WARN_NON_LITERAL_NULL_CONVERSION = YES;
				CLANG_WARN_OBJC_IMPLICIT_RETAIN_SELF = YES;
				CLANG_WARN_OBJC_LITERAL_CONVERSION = YES;
				CLANG_WARN_OBJC_ROOT_CLASS = YES_ERROR;
				CLANG_WARN_RANGE_LOOP_ANALYSIS = YES;
				CLANG_WARN_STRICT_PROTOTYPES = YES;
				CLANG_WARN_SUSPICIOUS_MOVE = YES;
				CLANG_WARN_UNGUARDED_AVAILABILITY = YES_AGGRESSIVE;
				CLANG_WARN_UNREACHABLE_CODE = YES;
				CLANG_WARN__DUPLICATE_METHOD_MATCH = YES;
				CODE_SIGN_IDENTITY = "iPhone Developer";
				COPY_PHASE_STRIP = NO;
				DEBUG_INFORMATION_FORMAT = dwarf;
				ENABLE_STRICT_OBJC_MSGSEND = YES;
				ENABLE_TESTABILITY = YES;
				GCC_C_LANGUAGE_STANDARD = gnu11;
				GCC_DYNAMIC_NO_PIC = NO;
				GCC_NO_COMMON_BLOCKS = YES;
				GCC_OPTIMIZATION_LEVEL = 0;
				GCC_PREPROCESSOR_DEFINITIONS = (
					"DEBUG=1",
					"$(inherited)",
				);
				GCC_WARN_64_TO_32_BIT_CONVERSION = YES;
				GCC_WARN_ABOUT_RETURN_TYPE = YES_ERROR;
				GCC_WARN_UNDECLARED_SELECTOR = YES;
				GCC_WARN_UNINITIALIZED_AUTOS = YES_AGGRESSIVE;
				GCC_WARN_UNUSED_FUNCTION = YES;
				GCC_WARN_UNUSED_VARIABLE = YES;
				IPHONEOS_DEPLOYMENT_TARGET = 11.4;
				MTL_ENABLE_DEBUG_INFO = YES;
				ONLY_ACTIVE_ARCH = YES;
				SDKROOT = iphoneos;
				SWIFT_ACTIVE_COMPILATION_CONDITIONS = DEBUG;
				SWIFT_OPTIMIZATION_LEVEL = "-Onone";
			};
			name = Debug;
		};
		B7B58C5B2258B2DB00D56198 /* Release */ = {
			isa = XCBuildConfiguration;
			buildSettings = {
				ALWAYS_SEARCH_USER_PATHS = NO;
				CLANG_ANALYZER_NONNULL = YES;
				CLANG_ANALYZER_NUMBER_OBJECT_CONVERSION = YES_AGGRESSIVE;
				CLANG_CXX_LANGUAGE_STANDARD = "gnu++14";
				CLANG_CXX_LIBRARY = "libc++";
				CLANG_ENABLE_MODULES = YES;
				CLANG_ENABLE_OBJC_ARC = YES;
				CLANG_ENABLE_OBJC_WEAK = YES;
				CLANG_WARN_BLOCK_CAPTURE_AUTORELEASING = YES;
				CLANG_WARN_BOOL_CONVERSION = YES;
				CLANG_WARN_COMMA = YES;
				CLANG_WARN_CONSTANT_CONVERSION = YES;
				CLANG_WARN_DEPRECATED_OBJC_IMPLEMENTATIONS = YES;
				CLANG_WARN_DIRECT_OBJC_ISA_USAGE = YES_ERROR;
				CLANG_WARN_DOCUMENTATION_COMMENTS = YES;
				CLANG_WARN_EMPTY_BODY = YES;
				CLANG_WARN_ENUM_CONVERSION = YES;
				CLANG_WARN_INFINITE_RECURSION = YES;
				CLANG_WARN_INT_CONVERSION = YES;
				CLANG_WARN_NON_LITERAL_NULL_CONVERSION = YES;
				CLANG_WARN_OBJC_IMPLICIT_RETAIN_SELF = YES;
				CLANG_WARN_OBJC_LITERAL_CONVERSION = YES;
				CLANG_WARN_OBJC_ROOT_CLASS = YES_ERROR;
				CLANG_WARN_RANGE_LOOP_ANALYSIS = YES;
				CLANG_WARN_STRICT_PROTOTYPES = YES;
				CLANG_WARN_SUSPICIOUS_MOVE = YES;
				CLANG_WARN_UNGUARDED_AVAILABILITY = YES_AGGRESSIVE;
				CLANG_WARN_UNREACHABLE_CODE = YES;
				CLANG_WARN__DUPLICATE_METHOD_MATCH = YES;
				CODE_SIGN_IDENTITY = "iPhone Developer";
				COPY_PHASE_STRIP = NO;
				DEBUG_INFORMATION_FORMAT = "dwarf-with-dsym";
				ENABLE_NS_ASSERTIONS = NO;
				ENABLE_STRICT_OBJC_MSGSEND = YES;
				GCC_C_LANGUAGE_STANDARD = gnu11;
				GCC_NO_COMMON_BLOCKS = YES;
				GCC_WARN_64_TO_32_BIT_CONVERSION = YES;
				GCC_WARN_ABOUT_RETURN_TYPE = YES_ERROR;
				GCC_WARN_UNDECLARED_SELECTOR = YES;
				GCC_WARN_UNINITIALIZED_AUTOS = YES_AGGRESSIVE;
				GCC_WARN_UNUSED_FUNCTION = YES;
				GCC_WARN_UNUSED_VARIABLE = YES;
				IPHONEOS_DEPLOYMENT_TARGET = 11.4;
				MTL_ENABLE_DEBUG_INFO = NO;
				SDKROOT = iphoneos;
				SWIFT_COMPILATION_MODE = wholemodule;
				SWIFT_OPTIMIZATION_LEVEL = "-O";
				VALIDATE_PRODUCT = YES;
			};
			name = Release;
		};
		B7B58C5D2258B2DB00D56198 /* Debug */ = {
			isa = XCBuildConfiguration;
			baseConfigurationReference = B95E8CB68B880C1E8797C1DA /* Pods-StartPlast.debug.xcconfig */;
			buildSettings = {
				ASSETCATALOG_COMPILER_APPICON_NAME = AppIcon;
				CODE_SIGN_IDENTITY = "iPhone Developer";
				CODE_SIGN_STYLE = Automatic;
				DEVELOPMENT_TEAM = "";
				INFOPLIST_FILE = "$(SRCROOT)/StartPlast/Supporting Files/Info.plist";
				LD_RUNPATH_SEARCH_PATHS = (
					"$(inherited)",
					"@executable_path/Frameworks",
				);
				PRODUCT_BUNDLE_IDENTIFIER = ua.org.plast.StartPlast;
				PRODUCT_NAME = "$(TARGET_NAME)";
				PROVISIONING_PROFILE_SPECIFIER = "";
				SWIFT_VERSION = 4.0;
				TARGETED_DEVICE_FAMILY = "1,2";
			};
			name = Debug;
		};
		B7B58C5E2258B2DB00D56198 /* Release */ = {
			isa = XCBuildConfiguration;
			baseConfigurationReference = 52C9A0E70D0EC8E42F457055 /* Pods-StartPlast.release.xcconfig */;
			buildSettings = {
				ASSETCATALOG_COMPILER_APPICON_NAME = AppIcon;
				CODE_SIGN_IDENTITY = "iPhone Developer";
				CODE_SIGN_STYLE = Automatic;
				DEVELOPMENT_TEAM = "";
				INFOPLIST_FILE = "$(SRCROOT)/StartPlast/Supporting Files/Info.plist";
				LD_RUNPATH_SEARCH_PATHS = (
					"$(inherited)",
					"@executable_path/Frameworks",
				);
				PRODUCT_BUNDLE_IDENTIFIER = ua.org.plast.StartPlast;
				PRODUCT_NAME = "$(TARGET_NAME)";
				PROVISIONING_PROFILE_SPECIFIER = "";
				SWIFT_VERSION = 4.0;
				TARGETED_DEVICE_FAMILY = "1,2";
			};
			name = Release;
		};
		B7B58C602258B2DB00D56198 /* Debug */ = {
			isa = XCBuildConfiguration;
			buildSettings = {
				ALWAYS_EMBED_SWIFT_STANDARD_LIBRARIES = YES;
				BUNDLE_LOADER = "$(TEST_HOST)";
				CODE_SIGN_STYLE = Automatic;
				DEVELOPMENT_TEAM = EYWEP6YJP9;
				INFOPLIST_FILE = StartPlastTests/Info.plist;
				LD_RUNPATH_SEARCH_PATHS = (
					"$(inherited)",
					"@executable_path/Frameworks",
					"@loader_path/Frameworks",
				);
				PRODUCT_BUNDLE_IDENTIFIER = ua.org.plast.StartPlastTests;
				PRODUCT_NAME = "$(TARGET_NAME)";
				SWIFT_VERSION = 4.0;
				TARGETED_DEVICE_FAMILY = "1,2";
				TEST_HOST = "$(BUILT_PRODUCTS_DIR)/StartPlast.app/StartPlast";
			};
			name = Debug;
		};
		B7B58C612258B2DB00D56198 /* Release */ = {
			isa = XCBuildConfiguration;
			buildSettings = {
				ALWAYS_EMBED_SWIFT_STANDARD_LIBRARIES = YES;
				BUNDLE_LOADER = "$(TEST_HOST)";
				CODE_SIGN_STYLE = Automatic;
				DEVELOPMENT_TEAM = EYWEP6YJP9;
				INFOPLIST_FILE = StartPlastTests/Info.plist;
				LD_RUNPATH_SEARCH_PATHS = (
					"$(inherited)",
					"@executable_path/Frameworks",
					"@loader_path/Frameworks",
				);
				PRODUCT_BUNDLE_IDENTIFIER = ua.org.plast.StartPlastTests;
				PRODUCT_NAME = "$(TARGET_NAME)";
				SWIFT_VERSION = 4.0;
				TARGETED_DEVICE_FAMILY = "1,2";
				TEST_HOST = "$(BUILT_PRODUCTS_DIR)/StartPlast.app/StartPlast";
			};
			name = Release;
		};
		B7B58C632258B2DB00D56198 /* Debug */ = {
			isa = XCBuildConfiguration;
			buildSettings = {
				ALWAYS_EMBED_SWIFT_STANDARD_LIBRARIES = YES;
				CODE_SIGN_STYLE = Automatic;
				DEVELOPMENT_TEAM = EYWEP6YJP9;
				INFOPLIST_FILE = StartPlastUITests/Info.plist;
				LD_RUNPATH_SEARCH_PATHS = (
					"$(inherited)",
					"@executable_path/Frameworks",
					"@loader_path/Frameworks",
				);
				PRODUCT_BUNDLE_IDENTIFIER = ua.org.plast.StartPlastUITests;
				PRODUCT_NAME = "$(TARGET_NAME)";
				SWIFT_VERSION = 4.0;
				TARGETED_DEVICE_FAMILY = "1,2";
				TEST_TARGET_NAME = StartPlast;
			};
			name = Debug;
		};
		B7B58C642258B2DB00D56198 /* Release */ = {
			isa = XCBuildConfiguration;
			buildSettings = {
				ALWAYS_EMBED_SWIFT_STANDARD_LIBRARIES = YES;
				CODE_SIGN_STYLE = Automatic;
				DEVELOPMENT_TEAM = EYWEP6YJP9;
				INFOPLIST_FILE = StartPlastUITests/Info.plist;
				LD_RUNPATH_SEARCH_PATHS = (
					"$(inherited)",
					"@executable_path/Frameworks",
					"@loader_path/Frameworks",
				);
				PRODUCT_BUNDLE_IDENTIFIER = ua.org.plast.StartPlastUITests;
				PRODUCT_NAME = "$(TARGET_NAME)";
				SWIFT_VERSION = 4.0;
				TARGETED_DEVICE_FAMILY = "1,2";
				TEST_TARGET_NAME = StartPlast;
			};
			name = Release;
		};
/* End XCBuildConfiguration section */

/* Begin XCConfigurationList section */
		B7B58C2F2258B2D900D56198 /* Build configuration list for PBXProject "StartPlast" */ = {
			isa = XCConfigurationList;
			buildConfigurations = (
				B7B58C5A2258B2DB00D56198 /* Debug */,
				B7B58C5B2258B2DB00D56198 /* Release */,
			);
			defaultConfigurationIsVisible = 0;
			defaultConfigurationName = Release;
		};
		B7B58C5C2258B2DB00D56198 /* Build configuration list for PBXNativeTarget "StartPlast" */ = {
			isa = XCConfigurationList;
			buildConfigurations = (
				B7B58C5D2258B2DB00D56198 /* Debug */,
				B7B58C5E2258B2DB00D56198 /* Release */,
			);
			defaultConfigurationIsVisible = 0;
			defaultConfigurationName = Release;
		};
		B7B58C5F2258B2DB00D56198 /* Build configuration list for PBXNativeTarget "StartPlastTests" */ = {
			isa = XCConfigurationList;
			buildConfigurations = (
				B7B58C602258B2DB00D56198 /* Debug */,
				B7B58C612258B2DB00D56198 /* Release */,
			);
			defaultConfigurationIsVisible = 0;
			defaultConfigurationName = Release;
		};
		B7B58C622258B2DB00D56198 /* Build configuration list for PBXNativeTarget "StartPlastUITests" */ = {
			isa = XCConfigurationList;
			buildConfigurations = (
				B7B58C632258B2DB00D56198 /* Debug */,
				B7B58C642258B2DB00D56198 /* Release */,
			);
			defaultConfigurationIsVisible = 0;
			defaultConfigurationName = Release;
		};
/* End XCConfigurationList section */
	};
	rootObject = B7B58C2C2258B2D900D56198 /* Project object */;
}
